// !$*UTF8*$!
{
	archiveVersion = 1;
	classes = {
	};
	objectVersion = 48;
	objects = {

/* Begin PBXBuildFile section */
		AB9FAE521FA0363900782F6A /* AppDelegate.m in Sources */ = {isa = PBXBuildFile; fileRef = AB9FAE511FA0363900782F6A /* AppDelegate.m */; };
		AB9FAE551FA0363900782F6A /* ViewController.m in Sources */ = {isa = PBXBuildFile; fileRef = AB9FAE541FA0363900782F6A /* ViewController.m */; };
		AB9FAE581FA0363900782F6A /* Main.storyboard in Resources */ = {isa = PBXBuildFile; fileRef = AB9FAE561FA0363900782F6A /* Main.storyboard */; };
		AB9FAE5A1FA0363900782F6A /* Assets.xcassets in Resources */ = {isa = PBXBuildFile; fileRef = AB9FAE591FA0363900782F6A /* Assets.xcassets */; };
		AB9FAE5D1FA0363900782F6A /* LaunchScreen.storyboard in Resources */ = {isa = PBXBuildFile; fileRef = AB9FAE5B1FA0363900782F6A /* LaunchScreen.storyboard */; };
		AB9FAE601FA0363900782F6A /* main.m in Sources */ = {isa = PBXBuildFile; fileRef = AB9FAE5F1FA0363900782F6A /* main.m */; };
		AB9FAE681FA0371E00782F6A /* DIN-Bold.otf in Resources */ = {isa = PBXBuildFile; fileRef = AB9FAE671FA036EE00782F6A /* DIN-Bold.otf */; };
/* End PBXBuildFile section */

/* Begin PBXFileReference section */
		AB9FAE4D1FA0363900782F6A /* FontDemo.app */ = {isa = PBXFileReference; explicitFileType = wrapper.application; includeInIndex = 0; path = FontDemo.app; sourceTree = BUILT_PRODUCTS_DIR; };
		AB9FAE501FA0363900782F6A /* AppDelegate.h */ = {isa = PBXFileReference; lastKnownFileType = sourcecode.c.h; path = AppDelegate.h; sourceTree = "<group>"; };
		AB9FAE511FA0363900782F6A /* AppDelegate.m */ = {isa = PBXFileReference; lastKnownFileType = sourcecode.c.objc; path = AppDelegate.m; sourceTree = "<group>"; };
		AB9FAE531FA0363900782F6A /* ViewController.h */ = {isa = PBXFileReference; lastKnownFileType = sourcecode.c.h; path = ViewController.h; sourceTree = "<group>"; };
		AB9FAE541FA0363900782F6A /* ViewController.m */ = {isa = PBXFileReference; lastKnownFileType = sourcecode.c.objc; path = ViewController.m; sourceTree = "<group>"; };
		AB9FAE571FA0363900782F6A /* Base */ = {isa = PBXFileReference; lastKnownFileType = file.storyboard; name = Base; path = Base.lproj/Main.storyboard; sourceTree = "<group>"; };
		AB9FAE591FA0363900782F6A /* Assets.xcassets */ = {isa = PBXFileReference; lastKnownFileType = folder.assetcatalog; path = Assets.xcassets; sourceTree = "<group>"; };
		AB9FAE5C1FA0363900782F6A /* Base */ = {isa = PBXFileReference; lastKnownFileType = file.storyboard; name = Base; path = Base.lproj/LaunchScreen.storyboard; sourceTree = "<group>"; };
		AB9FAE5E1FA0363900782F6A /* Info.plist */ = {isa = PBXFileReference; lastKnownFileType = text.plist.xml; path = Info.plist; sourceTree = "<group>"; };
		AB9FAE5F1FA0363900782F6A /* main.m */ = {isa = PBXFileReference; lastKnownFileType = sourcecode.c.objc; path = main.m; sourceTree = "<group>"; };
		AB9FAE671FA036EE00782F6A /* DIN-Bold.otf */ = {isa = PBXFileReference; lastKnownFileType = file; path = "DIN-Bold.otf"; sourceTree = "<group>"; };
/* End PBXFileReference section */

/* Begin PBXFrameworksBuildPhase section */
		AB9FAE4A1FA0363900782F6A /* Frameworks */ = {
			isa = PBXFrameworksBuildPhase;
			buildActionMask = 2147483647;
			files = (
			);
			runOnlyForDeploymentPostprocessing = 0;
		};
/* End PBXFrameworksBuildPhase section */

/* Begin PBXGroup section */
		AB9FAE441FA0363900782F6A = {
			isa = PBXGroup;
			children = (
				AB9FAE4F1FA0363900782F6A /* FontDemo */,
				AB9FAE4E1FA0363900782F6A /* Products */,
			);
			sourceTree = "<group>";
		};
		AB9FAE4E1FA0363900782F6A /* Products */ = {
			isa = PBXGroup;
			children = (
				AB9FAE4D1FA0363900782F6A /* FontDemo.app */,
			);
			name = Products;
			sourceTree = "<group>";
		};
		AB9FAE4F1FA0363900782F6A /* FontDemo */ = {
			isa = PBXGroup;
			children = (
				AB9FAE661FA036C800782F6A /* CustomFonts */,
				AB9FAE501FA0363900782F6A /* AppDelegate.h */,
				AB9FAE511FA0363900782F6A /* AppDelegate.m */,
				AB9FAE531FA0363900782F6A /* ViewController.h */,
				AB9FAE541FA0363900782F6A /* ViewController.m */,
				AB9FAE561FA0363900782F6A /* Main.storyboard */,
				AB9FAE591FA0363900782F6A /* Assets.xcassets */,
				AB9FAE5B1FA0363900782F6A /* LaunchScreen.storyboard */,
				AB9FAE5E1FA0363900782F6A /* Info.plist */,
				AB9FAE5F1FA0363900782F6A /* main.m */,
			);
			path = FontDemo;
			sourceTree = "<group>";
		};
		AB9FAE661FA036C800782F6A /* CustomFonts */ = {
			isa = PBXGroup;
			children = (
				AB9FAE671FA036EE00782F6A /* DIN-Bold.otf */,
			);
			path = CustomFonts;
			sourceTree = "<group>";
		};
/* End PBXGroup section */

/* Begin PBXNativeTarget section */
		AB9FAE4C1FA0363900782F6A /* FontDemo */ = {
			isa = PBXNativeTarget;
			buildConfigurationList = AB9FAE631FA0363900782F6A /* Build configuration list for PBXNativeTarget "FontDemo" */;
			buildPhases = (
				AB9FAE491FA0363900782F6A /* Sources */,
				AB9FAE4A1FA0363900782F6A /* Frameworks */,
				AB9FAE4B1FA0363900782F6A /* Resources */,
			);
			buildRules = (
			);
			dependencies = (
			);
			name = FontDemo;
			productName = FontDemo;
			productReference = AB9FAE4D1FA0363900782F6A /* FontDemo.app */;
			productType = "com.apple.product-type.application";
		};
/* End PBXNativeTarget section */

/* Begin PBXProject section */
		AB9FAE451FA0363900782F6A /* Project object */ = {
			isa = PBXProject;
			attributes = {
				LastUpgradeCheck = 0900;
				ORGANIZATIONNAME = "张宇超";
				TargetAttributes = {
					AB9FAE4C1FA0363900782F6A = {
						CreatedOnToolsVersion = 9.0;
						ProvisioningStyle = Automatic;
					};
				};
			};
			buildConfigurationList = AB9FAE481FA0363900782F6A /* Build configuration list for PBXProject "FontDemo" */;
			compatibilityVersion = "Xcode 8.0";
			developmentRegion = en;
			hasScannedForEncodings = 0;
			knownRegions = (
				en,
				Base,
			);
			mainGroup = AB9FAE441FA0363900782F6A;
			productRefGroup = AB9FAE4E1FA0363900782F6A /* Products */;
			projectDirPath = "";
			projectRoot = "";
			targets = (
				AB9FAE4C1FA0363900782F6A /* FontDemo */,
			);
		};
/* End PBXProject section */

/* Begin PBXResourcesBuildPhase section */
		AB9FAE4B1FA0363900782F6A /* Resources */ = {
			isa = PBXResourcesBuildPhase;
			buildActionMask = 2147483647;
			files = (
				AB9FAE681FA0371E00782F6A /* DIN-Bold.otf in Resources */,
				AB9FAE5D1FA0363900782F6A /* LaunchScreen.storyboard in Resources */,
				AB9FAE5A1FA0363900782F6A /* Assets.xcassets in Resources */,
				AB9FAE581FA0363900782F6A /* Main.storyboard in Resources */,
			);
			runOnlyForDeploymentPostprocessing = 0;
		};
/* End PBXResourcesBuildPhase section */

/* Begin PBXSourcesBuildPhase section */
		AB9FAE491FA0363900782F6A /* Sources */ = {
			isa = PBXSourcesBuildPhase;
			buildActionMask = 2147483647;
			files = (
				AB9FAE551FA0363900782F6A /* ViewController.m in Sources */,
				AB9FAE601FA0363900782F6A /* main.m in Sources */,
				AB9FAE521FA0363900782F6A /* AppDelegate.m in Sources */,
			);
			runOnlyForDeploymentPostprocessing = 0;
		};
/* End PBXSourcesBuildPhase section */

/* Begin PBXVariantGroup section */
		AB9FAE561FA0363900782F6A /* Main.storyboard */ = {
			isa = PBXVariantGroup;
			children = (
				AB9FAE571FA0363900782F6A /* Base */,
			);
			name = Main.storyboard;
			sourceTree = "<group>";
		};
		AB9FAE5B1FA0363900782F6A /* LaunchScreen.storyboard */ = {
			isa = PBXVariantGroup;
			children = (
				AB9FAE5C1FA0363900782F6A /* Base */,
			);
			name = LaunchScreen.storyboard;
			sourceTree = "<group>";
		};
/* End PBXVariantGroup section */

/* Begin XCBuildConfiguration section */
		AB9FAE611FA0363900782F6A /* Debug */ = {
			isa = XCBuildConfiguration;
			buildSettings = {
				ALWAYS_SEARCH_USER_PATHS = NO;
				CLANG_ANALYZER_NONNULL = YES;
				CLANG_ANALYZER_NUMBER_OBJECT_CONVERSION = YES_AGGRESSIVE;
				CLANG_CXX_LANGUAGE_STANDARD = "gnu++14";
				CLANG_CXX_LIBRARY = "libc++";
				CLANG_ENABLE_MODULES = YES;
				CLANG_ENABLE_OBJC_ARC = YES;
				CLANG_WARN_BLOCK_CAPTURE_AUTORELEASING = YES;
				CLANG_WARN_BOOL_CONVERSION = YES;
				CLANG_WARN_COMMA = YES;
				CLANG_WARN_CONSTANT_CONVERSION = YES;
				CLANG_WARN_DIRECT_OBJC_ISA_USAGE = YES_ERROR;
				CLANG_WARN_DOCUMENTATION_COMMENTS = YES;
				CLANG_WARN_EMPTY_BODY = YES;
				CLANG_WARN_ENUM_CONVERSION = YES;
				CLANG_WARN_INFINITE_RECURSION = YES;
				CLANG_WARN_INT_CONVERSION = YES;
				CLANG_WARN_NON_LITERAL_NULL_CONVERSION = YES;
				CLANG_WARN_OBJC_LITERAL_CONVERSION = YES;
				CLANG_WARN_OBJC_ROOT_CLASS = YES_ERROR;
				CLANG_WARN_RANGE_LOOP_ANALYSIS = YES;
				CLANG_WARN_STRICT_PROTOTYPES = YES;
				CLANG_WARN_SUSPICIOUS_MOVE = YES;
				CLANG_WARN_UNGUARDED_AVAILABILITY = YES_AGGRESSIVE;
				CLANG_WARN_UNREACHABLE_CODE = YES;
				CLANG_WARN__DUPLICATE_METHOD_MATCH = YES;
				CODE_SIGN_IDENTITY = "iPhone Developer";
				COPY_PHASE_STRIP = NO;
				DEBUG_INFORMATION_FORMAT = dwarf;
				ENABLE_STRICT_OBJC_MSGSEND = YES;
				ENABLE_TESTABILITY = YES;
				GCC_C_LANGUAGE_STANDARD = gnu11;
				GCC_DYNAMIC_NO_PIC = NO;
				GCC_NO_COMMON_BLOCKS = YES;
				GCC_OPTIMIZATION_LEVEL = 0;
				GCC_PREPROCESSOR_DEFINITIONS = (
					"DEBUG=1",
					"$(inherited)",
				);
				GCC_WARN_64_TO_32_BIT_CONVERSION = YES;
				GCC_WARN_ABOUT_RETURN_TYPE = YES_ERROR;
				GCC_WARN_UNDECLARED_SELECTOR = YES;
				GCC_WARN_UNINITIALIZED_AUTOS = YES_AGGRESSIVE;
				GCC_WARN_UNUSED_FUNCTION = YES;
				GCC_WARN_UNUSED_VARIABLE = YES;
				IPHONEOS_DEPLOYMENT_TARGET = 11.0;
				MTL_ENABLE_DEBUG_INFO = YES;
				ONLY_ACTIVE_ARCH = YES;
				SDKROOT = iphoneos;
			};
			name = Debug;
		};
		AB9FAE621FA0363900782F6A /* Release */ = {
			isa = XCBuildConfiguration;
			buildSettings = {
				ALWAYS_SEARCH_USER_PATHS = NO;
				CLANG_ANALYZER_NONNULL = YES;
				CLANG_ANALYZER_NUMBER_OBJECT_CONVERSION = YES_AGGRESSIVE;
				CLANG_CXX_LANGUAGE_STANDARD = "gnu++14";
				CLANG_CXX_LIBRARY = "libc++";
				CLANG_ENABLE_MODULES = YES;
				CLANG_ENABLE_OBJC_ARC = YES;
				CLANG_WARN_BLOCK_CAPTURE_AUTORELEASING = YES;
				CLANG_WARN_BOOL_CONVERSION = YES;
				CLANG_WARN_COMMA = YES;
				CLANG_WARN_CONSTANT_CONVERSION = YES;
				CLANG_WARN_DIRECT_OBJC_ISA_USAGE = YES_ERROR;
				CLANG_WARN_DOCUMENTATION_COMMENTS = YES;
				CLANG_WARN_EMPTY_BODY = YES;
				CLANG_WARN_ENUM_CONVERSION = YES;
				CLANG_WARN_INFINITE_RECURSION = YES;
				CLANG_WARN_INT_CONVERSION = YES;
				CLANG_WARN_NON_LITERAL_NULL_CONVERSION = YES;
				CLANG_WARN_OBJC_LITERAL_CONVERSION = YES;
				CLANG_WARN_OBJC_ROOT_CLASS = YES_ERROR;
				CLANG_WARN_RANGE_LOOP_ANALYSIS = YES;
				CLANG_WARN_STRICT_PROTOTYPES = YES;
				CLANG_WARN_SUSPICIOUS_MOVE = YES;
				CLANG_WARN_UNGUARDED_AVAILABILITY = YES_AGGRESSIVE;
				CLANG_WARN_UNREACHABLE_CODE = YES;
				CLANG_WARN__DUPLICATE_METHOD_MATCH = YES;
				CODE_SIGN_IDENTITY = "iPhone Developer";
				COPY_PHASE_STRIP = NO;
				DEBUG_INFORMATION_FORMAT = "dwarf-with-dsym";
				ENABLE_NS_ASSERTIONS = NO;
				ENABLE_STRICT_OBJC_MSGSEND = YES;
				GCC_C_LANGUAGE_STANDARD = gnu11;
				GCC_NO_COMMON_BLOCKS = YES;
				GCC_WARN_64_TO_32_BIT_CONVERSION = YES;
				GCC_WARN_ABOUT_RETURN_TYPE = YES_ERROR;
				GCC_WARN_UNDECLARED_SELECTOR = YES;
				GCC_WARN_UNINITIALIZED_AUTOS = YES_AGGRESSIVE;
				GCC_WARN_UNUSED_FUNCTION = YES;
				GCC_WARN_UNUSED_VARIABLE = YES;
				IPHONEOS_DEPLOYMENT_TARGET = 11.0;
				MTL_ENABLE_DEBUG_INFO = NO;
				SDKROOT = iphoneos;
				VALIDATE_PRODUCT = YES;
			};
			name = Release;
		};
		AB9FAE641FA0363900782F6A /* Debug */ = {
			isa = XCBuildConfiguration;
			buildSettings = {
				ASSETCATALOG_COMPILER_APPICON_NAME = AppIcon;
				CODE_SIGN_STYLE = Automatic;
				DEVELOPMENT_TEAM = ZZJDE2HTRL;
				INFOPLIST_FILE = FontDemo/Info.plist;
				LD_RUNPATH_SEARCH_PATHS = "$(inherited) @executable_path/Frameworks";
				PRODUCT_BUNDLE_IDENTIFIER = com.junnet.FontDemo;
				PRODUCT_NAME = "$(TARGET_NAME)";
				TARGETED_DEVICE_FAMILY = "1,2";
			};
			name = Debug;
		};
		AB9FAE651FA0363900782F6A /* Release */ = {
			isa = XCBuildConfiguration;
			buildSettings = {
				ASSETCATALOG_COMPILER_APPICON_NAME = AppIcon;
				CODE_SIGN_STYLE = Automatic;
				DEVELOPMENT_TEAM = ZZJDE2HTRL;
				INFOPLIST_FILE = FontDemo/Info.plist;
				LD_RUNPATH_SEARCH_PATHS = "$(inherited) @executable_path/Frameworks";
				PRODUCT_BUNDLE_IDENTIFIER = com.junnet.FontDemo;
				PRODUCT_NAME = "$(TARGET_NAME)";
				TARGETED_DEVICE_FAMILY = "1,2";
			};
			name = Release;
		};
/* End XCBuildConfiguration section */

/* Begin XCConfigurationList section */
		AB9FAE481FA0363900782F6A /* Build configuration list for PBXProject "FontDemo" */ = {
			isa = XCConfigurationList;
			buildConfigurations = (
				AB9FAE611FA0363900782F6A /* Debug */,
				AB9FAE621FA0363900782F6A /* Release */,
			);
			defaultConfigurationIsVisible = 0;
			defaultConfigurationName = Release;
		};
		AB9FAE631FA0363900782F6A /* Build configuration list for PBXNativeTarget "FontDemo" */ = {
			isa = XCConfigurationList;
			buildConfigurations = (
				AB9FAE641FA0363900782F6A /* Debug */,
				AB9FAE651FA0363900782F6A /* Release */,
			);
			defaultConfigurationIsVisible = 0;
			defaultConfigurationName = Release;
		};
/* End XCConfigurationList section */
	};
	rootObject = AB9FAE451FA0363900782F6A /* Project object */;
}
